
Microsoft Visual Studio Solution File, Format Version 12.00
# Visual Studio Version 17
VisualStudioVersion = 17.0.31423.177
MinimumVisualStudioVersion = 10.0.40219.1
Project("{2150E333-8FDC-42A3-9474-1A3956D46DE8}") = "src", "src", "{2D8D047D-53CD-43FC-B3D9-1F45BD5BDCED}"
EndProject
Project("{9A19103F-16F7-4668-BE54-9A1E7A4F7556}") = "Kharazmi", "src\Kharazmi\Kharazmi.csproj", "{1E90975A-C587-4078-9B6A-6BF3212BE572}"
EndProject
Project("{9A19103F-16F7-4668-BE54-9A1E7A4F7556}") = "Kharazmi.BackgroundJob", "src\Kharazmi.BackgroundJob\Kharazmi.BackgroundJob.csproj", "{8A710800-E770-4F8C-AC95-66CB191CAAF3}"
EndProject
Project("{9A19103F-16F7-4668-BE54-9A1E7A4F7556}") = "Kharazmi.Common", "src\Kharazmi.Common\Kharazmi.Common.csproj", "{8E35D54E-C8F0-40D4-A123-6A5793299C56}"
EndProject
Project("{9A19103F-16F7-4668-BE54-9A1E7A4F7556}") = "Kharazmi.EfCore", "src\Kharazmi.EfCore\Kharazmi.EfCore.csproj", "{73458507-19E1-43FA-97C6-86BE614EFB22}"
EndProject
Project("{9A19103F-16F7-4668-BE54-9A1E7A4F7556}") = "Kharazmi.EfCore.Cache", "src\Kharazmi.EfCore.Cache\Kharazmi.EfCore.Cache.csproj", "{1E36BF3E-C2E4-4E10-B004-DC69A83B57CB}"
EndProject
Project("{9A19103F-16F7-4668-BE54-9A1E7A4F7556}") = "Kharazmi.EventStore.EfCore", "src\Kharazmi.EventStore.EfCore\Kharazmi.EventStore.EfCore.csproj", "{A2737EB9-3E2E-47C2-B76C-AB65A7392E79}"
EndProject
Project("{9A19103F-16F7-4668-BE54-9A1E7A4F7556}") = "Kharazmi.Localization", "src\Kharazmi.Localization\Kharazmi.Localization.csproj", "{8BD6B2AA-4ED9-44FB-9362-608FA560A385}"
EndProject
Project("{9A19103F-16F7-4668-BE54-9A1E7A4F7556}") = "Kharazmi.Localization.EfCore", "src\Kharazmi.Localization.EfCore\Kharazmi.Localization.EfCore.csproj", "{D72CA6C3-6861-4BC1-9FF5-6AB1774FB5F6}"
EndProject
Project("{9A19103F-16F7-4668-BE54-9A1E7A4F7556}") = "Kharazmi.MongoDb", "src\Kharazmi.MongoDb\Kharazmi.MongoDb.csproj", "{D7383654-4A8B-4772-A659-4997C44F6A6D}"
EndProject
Project("{9A19103F-16F7-4668-BE54-9A1E7A4F7556}") = "Kharazmi.MongoDb.Cache", "src\Kharazmi.MongoDb.Cache\Kharazmi.MongoDb.Cache.csproj", "{47BE7F58-B649-4276-B2BF-D6B8F7555809}"
EndProject
Project("{9A19103F-16F7-4668-BE54-9A1E7A4F7556}") = "Kharazmi.Mvc", "src\Kharazmi.Mvc\Kharazmi.Mvc.csproj", "{D4D6A95A-389C-4268-95AD-88D851262AD1}"
EndProject
Project("{9A19103F-16F7-4668-BE54-9A1E7A4F7556}") = "Kharazmi.OpenIdConnect", "src\Kharazmi.OpenIdConnect\Kharazmi.OpenIdConnect.csproj", "{CC3032B4-C10C-4AAA-B6F6-0BC20E20FAD0}"
EndProject
Project("{9A19103F-16F7-4668-BE54-9A1E7A4F7556}") = "Kharazmi.RabbitMq", "src\Kharazmi.RabbitMq\Kharazmi.RabbitMq.csproj", "{6CD81B75-C074-4FB2-85AD-E2C0A9ACD8F0}"
EndProject
Project("{9A19103F-16F7-4668-BE54-9A1E7A4F7556}") = "Kharazmi.Redis", "src\Kharazmi.Redis\Kharazmi.Redis.csproj", "{AFABBDB3-1DC4-430D-B9FA-AC5C4623102D}"
EndProject
Project("{9A19103F-16F7-4668-BE54-9A1E7A4F7556}") = "Kharazmi.Validation", "src\Kharazmi.Validation\Kharazmi.Validation.csproj", "{0753BB64-966D-4DA4-B353-E5419B37849F}"
EndProject
Project("{2150E333-8FDC-42A3-9474-1A3956D46DE8}") = "test", "test", "{4113D3CD-4809-4F2F-A102-764CB39DE051}"
EndProject
Project("{FAE04EC0-301F-11D3-BF4B-00C04F79EFBC}") = "Kharazmi.Demo1", "test\Kharazmi.Demo1\Kharazmi.Demo1.csproj", "{18869C26-EE5E-4A83-B260-68B8050280BC}"
EndProject
Global
	GlobalSection(SolutionConfigurationPlatforms) = preSolution
		Debug|Any CPU = Debug|Any CPU
		Release|Any CPU = Release|Any CPU
	EndGlobalSection
	GlobalSection(ProjectConfigurationPlatforms) = postSolution
		{1E90975A-C587-4078-9B6A-6BF3212BE572}.Debug|Any CPU.ActiveCfg = Debug|Any CPU
		{1E90975A-C587-4078-9B6A-6BF3212BE572}.Debug|Any CPU.Build.0 = Debug|Any CPU
		{1E90975A-C587-4078-9B6A-6BF3212BE572}.Release|Any CPU.ActiveCfg = Release|Any CPU
		{1E90975A-C587-4078-9B6A-6BF3212BE572}.Release|Any CPU.Build.0 = Release|Any CPU
		{8A710800-E770-4F8C-AC95-66CB191CAAF3}.Debug|Any CPU.ActiveCfg = Debug|Any CPU
		{8A710800-E770-4F8C-AC95-66CB191CAAF3}.Debug|Any CPU.Build.0 = Debug|Any CPU
		{8A710800-E770-4F8C-AC95-66CB191CAAF3}.Release|Any CPU.ActiveCfg = Release|Any CPU
		{8A710800-E770-4F8C-AC95-66CB191CAAF3}.Release|Any CPU.Build.0 = Release|Any CPU
		{8E35D54E-C8F0-40D4-A123-6A5793299C56}.Debug|Any CPU.ActiveCfg = Debug|Any CPU
		{8E35D54E-C8F0-40D4-A123-6A5793299C56}.Debug|Any CPU.Build.0 = Debug|Any CPU
		{8E35D54E-C8F0-40D4-A123-6A5793299C56}.Release|Any CPU.ActiveCfg = Release|Any CPU
		{8E35D54E-C8F0-40D4-A123-6A5793299C56}.Release|Any CPU.Build.0 = Release|Any CPU
		{73458507-19E1-43FA-97C6-86BE614EFB22}.Debug|Any CPU.ActiveCfg = Debug|Any CPU
		{73458507-19E1-43FA-97C6-86BE614EFB22}.Debug|Any CPU.Build.0 = Debug|Any CPU
		{73458507-19E1-43FA-97C6-86BE614EFB22}.Release|Any CPU.ActiveCfg = Release|Any CPU
		{73458507-19E1-43FA-97C6-86BE614EFB22}.Release|Any CPU.Build.0 = Release|Any CPU
		{1E36BF3E-C2E4-4E10-B004-DC69A83B57CB}.Debug|Any CPU.ActiveCfg = Debug|Any CPU
		{1E36BF3E-C2E4-4E10-B004-DC69A83B57CB}.Debug|Any CPU.Build.0 = Debug|Any CPU
		{1E36BF3E-C2E4-4E10-B004-DC69A83B57CB}.Release|Any CPU.ActiveCfg = Release|Any CPU
		{1E36BF3E-C2E4-4E10-B004-DC69A83B57CB}.Release|Any CPU.Build.0 = Release|Any CPU
		{A2737EB9-3E2E-47C2-B76C-AB65A7392E79}.Debug|Any CPU.ActiveCfg = Debug|Any CPU
		{A2737EB9-3E2E-47C2-B76C-AB65A7392E79}.Debug|Any CPU.Build.0 = Debug|Any CPU
		{A2737EB9-3E2E-47C2-B76C-AB65A7392E79}.Release|Any CPU.ActiveCfg = Release|Any CPU
		{A2737EB9-3E2E-47C2-B76C-AB65A7392E79}.Release|Any CPU.Build.0 = Release|Any CPU
		{8BD6B2AA-4ED9-44FB-9362-608FA560A385}.Debug|Any CPU.ActiveCfg = Debug|Any CPU
		{8BD6B2AA-4ED9-44FB-9362-608FA560A385}.Debug|Any CPU.Build.0 = Debug|Any CPU
		{8BD6B2AA-4ED9-44FB-9362-608FA560A385}.Release|Any CPU.ActiveCfg = Release|Any CPU
		{8BD6B2AA-4ED9-44FB-9362-608FA560A385}.Release|Any CPU.Build.0 = Release|Any CPU
		{D72CA6C3-6861-4BC1-9FF5-6AB1774FB5F6}.Debug|Any CPU.ActiveCfg = Debug|Any CPU
		{D72CA6C3-6861-4BC1-9FF5-6AB1774FB5F6}.Debug|Any CPU.Build.0 = Debug|Any CPU
		{D72CA6C3-6861-4BC1-9FF5-6AB1774FB5F6}.Release|Any CPU.ActiveCfg = Release|Any CPU
		{D72CA6C3-6861-4BC1-9FF5-6AB1774FB5F6}.Release|Any CPU.Build.0 = Release|Any CPU
		{D7383654-4A8B-4772-A659-4997C44F6A6D}.Debug|Any CPU.ActiveCfg = Debug|Any CPU
		{D7383654-4A8B-4772-A659-4997C44F6A6D}.Debug|Any CPU.Build.0 = Debug|Any CPU
		{D7383654-4A8B-4772-A659-4997C44F6A6D}.Release|Any CPU.ActiveCfg = Release|Any CPU
		{D7383654-4A8B-4772-A659-4997C44F6A6D}.Release|Any CPU.Build.0 = Release|Any CPU
		{47BE7F58-B649-4276-B2BF-D6B8F7555809}.Debug|Any CPU.ActiveCfg = Debug|Any CPU
		{47BE7F58-B649-4276-B2BF-D6B8F7555809}.Debug|Any CPU.Build.0 = Debug|Any CPU
		{47BE7F58-B649-4276-B2BF-D6B8F7555809}.Release|Any CPU.ActiveCfg = Release|Any CPU
		{47BE7F58-B649-4276-B2BF-D6B8F7555809}.Release|Any CPU.Build.0 = Release|Any CPU
		{D4D6A95A-389C-4268-95AD-88D851262AD1}.Debug|Any CPU.ActiveCfg = Debug|Any CPU
		{D4D6A95A-389C-4268-95AD-88D851262AD1}.Debug|Any CPU.Build.0 = Debug|Any CPU
		{D4D6A95A-389C-4268-95AD-88D851262AD1}.Release|Any CPU.ActiveCfg = Release|Any CPU
		{D4D6A95A-389C-4268-95AD-88D851262AD1}.Release|Any CPU.Build.0 = Release|Any CPU
		{CC3032B4-C10C-4AAA-B6F6-0BC20E20FAD0}.Debug|Any CPU.ActiveCfg = Debug|Any CPU
		{CC3032B4-C10C-4AAA-B6F6-0BC20E20FAD0}.Debug|Any CPU.Build.0 = Debug|Any CPU
		{CC3032B4-C10C-4AAA-B6F6-0BC20E20FAD0}.Release|Any CPU.ActiveCfg = Release|Any CPU
		{CC3032B4-C10C-4AAA-B6F6-0BC20E20FAD0}.Release|Any CPU.Build.0 = Release|Any CPU
		{6CD81B75-C074-4FB2-85AD-E2C0A9ACD8F0}.Debug|Any CPU.ActiveCfg = Debug|Any CPU
		{6CD81B75-C074-4FB2-85AD-E2C0A9ACD8F0}.Debug|Any CPU.Build.0 = Debug|Any CPU
		{6CD81B75-C074-4FB2-85AD-E2C0A9ACD8F0}.Release|Any CPU.ActiveCfg = Release|Any CPU
		{6CD81B75-C074-4FB2-85AD-E2C0A9ACD8F0}.Release|Any CPU.Build.0 = Release|Any CPU
		{AFABBDB3-1DC4-430D-B9FA-AC5C4623102D}.Debug|Any CPU.ActiveCfg = Debug|Any CPU
		{AFABBDB3-1DC4-430D-B9FA-AC5C4623102D}.Debug|Any CPU.Build.0 = Debug|Any CPU
		{AFABBDB3-1DC4-430D-B9FA-AC5C4623102D}.Release|Any CPU.ActiveCfg = Release|Any CPU
		{AFABBDB3-1DC4-430D-B9FA-AC5C4623102D}.Release|Any CPU.Build.0 = Release|Any CPU
		{0753BB64-966D-4DA4-B353-E5419B37849F}.Debug|Any CPU.ActiveCfg = Debug|Any CPU
		{0753BB64-966D-4DA4-B353-E5419B37849F}.Debug|Any CPU.Build.0 = Debug|Any CPU
		{0753BB64-966D-4DA4-B353-E5419B37849F}.Release|Any CPU.ActiveCfg = Release|Any CPU
		{0753BB64-966D-4DA4-B353-E5419B37849F}.Release|Any CPU.Build.0 = Release|Any CPU
		{18869C26-EE5E-4A83-B260-68B8050280BC}.Debug|Any CPU.ActiveCfg = Debug|Any CPU
		{18869C26-EE5E-4A83-B260-68B8050280BC}.Debug|Any CPU.Build.0 = Debug|Any CPU
		{18869C26-EE5E-4A83-B260-68B8050280BC}.Release|Any CPU.ActiveCfg = Release|Any CPU
		{18869C26-EE5E-4A83-B260-68B8050280BC}.Release|Any CPU.Build.0 = Release|Any CPU
	EndGlobalSection
	GlobalSection(SolutionProperties) = preSolution
		HideSolutionNode = FALSE
	EndGlobalSection
	GlobalSection(NestedProjects) = preSolution
		{1E90975A-C587-4078-9B6A-6BF3212BE572} = {2D8D047D-53CD-43FC-B3D9-1F45BD5BDCED}
		{8A710800-E770-4F8C-AC95-66CB191CAAF3} = {2D8D047D-53CD-43FC-B3D9-1F45BD5BDCED}
		{8E35D54E-C8F0-40D4-A123-6A5793299C56} = {2D8D047D-53CD-43FC-B3D9-1F45BD5BDCED}
		{73458507-19E1-43FA-97C6-86BE614EFB22} = {2D8D047D-53CD-43FC-B3D9-1F45BD5BDCED}
		{1E36BF3E-C2E4-4E10-B004-DC69A83B57CB} = {2D8D047D-53CD-43FC-B3D9-1F45BD5BDCED}
		{A2737EB9-3E2E-47C2-B76C-AB65A7392E79} = {2D8D047D-53CD-43FC-B3D9-1F45BD5BDCED}
		{8BD6B2AA-4ED9-44FB-9362-608FA560A385} = {2D8D047D-53CD-43FC-B3D9-1F45BD5BDCED}
		{D72CA6C3-6861-4BC1-9FF5-6AB1774FB5F6} = {2D8D047D-53CD-43FC-B3D9-1F45BD5BDCED}
		{D7383654-4A8B-4772-A659-4997C44F6A6D} = {2D8D047D-53CD-43FC-B3D9-1F45BD5BDCED}
		{47BE7F58-B649-4276-B2BF-D6B8F7555809} = {2D8D047D-53CD-43FC-B3D9-1F45BD5BDCED}
		{D4D6A95A-389C-4268-95AD-88D851262AD1} = {2D8D047D-53CD-43FC-B3D9-1F45BD5BDCED}
		{CC3032B4-C10C-4AAA-B6F6-0BC20E20FAD0} = {2D8D047D-53CD-43FC-B3D9-1F45BD5BDCED}
		{6CD81B75-C074-4FB2-85AD-E2C0A9ACD8F0} = {2D8D047D-53CD-43FC-B3D9-1F45BD5BDCED}
		{AFABBDB3-1DC4-430D-B9FA-AC5C4623102D} = {2D8D047D-53CD-43FC-B3D9-1F45BD5BDCED}
		{0753BB64-966D-4DA4-B353-E5419B37849F} = {2D8D047D-53CD-43FC-B3D9-1F45BD5BDCED}
		{18869C26-EE5E-4A83-B260-68B8050280BC} = {4113D3CD-4809-4F2F-A102-764CB39DE051}
	EndGlobalSection
	GlobalSection(ExtensibilityGlobals) = postSolution
		SolutionGuid = {86B6A8A0-45E6-4BC7-B899-F56756F71001}
	EndGlobalSection
EndGlobal
